
Microsoft Visual Studio Solution File, Format Version 12.00
# Visual Studio Version 17
VisualStudioVersion = 17.2.32630.192
MinimumVisualStudioVersion = 10.0.40219.1
Project("{FAE04EC0-301F-11D3-BF4B-00C04F79EFBC}") = "DevEventInicialApi", "DevEventInicialApi\DevEventInicialApi.csproj", "{6FC2ED3A-AF8F-4303-904C-104E92E6CBA2}"
EndProject
Global
	GlobalSection(SolutionConfigurationPlatforms) = preSolution
		Debug|Any CPU = Debug|Any CPU
		Release|Any CPU = Release|Any CPU
	EndGlobalSection
	GlobalSection(ProjectConfigurationPlatforms) = postSolution
		{6FC2ED3A-AF8F-4303-904C-104E92E6CBA2}.Debug|Any CPU.ActiveCfg = Debug|Any CPU
		{6FC2ED3A-AF8F-4303-904C-104E92E6CBA2}.Debug|Any CPU.Build.0 = Debug|Any CPU
		{6FC2ED3A-AF8F-4303-904C-104E92E6CBA2}.Release|Any CPU.ActiveCfg = Release|Any CPU
		{6FC2ED3A-AF8F-4303-904C-104E92E6CBA2}.Release|Any CPU.Build.0 = Release|Any CPU
	EndGlobalSection
	GlobalSection(SolutionProperties) = preSolution
		HideSolutionNode = FALSE
	EndGlobalSection
	GlobalSection(ExtensibilityGlobals) = postSolution
		SolutionGuid = {0004DD62-DB27-49B2-A725-17CF5C05DB40}
	EndGlobalSection
EndGlobal
